
Microsoft Visual Studio Solution File, Format Version 12.00
Project("{FAE04EC0-301F-11D3-BF4B-00C04F79EFBC}") = "UpSkillApi", "UpSkillApi\UpSkillApi.csproj", "{4957B7CC-0337-4F23-9C88-8517370EC5D3}"
EndProject
Global
	GlobalSection(SolutionConfigurationPlatforms) = preSolution
		Debug|Any CPU = Debug|Any CPU
		Release|Any CPU = Release|Any CPU
	EndGlobalSection
	GlobalSection(ProjectConfigurationPlatforms) = postSolution
		{4957B7CC-0337-4F23-9C88-8517370EC5D3}.Debug|Any CPU.ActiveCfg = Debug|Any CPU
		{4957B7CC-0337-4F23-9C88-8517370EC5D3}.Debug|Any CPU.Build.0 = Debug|Any CPU
		{4957B7CC-0337-4F23-9C88-8517370EC5D3}.Release|Any CPU.ActiveCfg = Release|Any CPU
		{4957B7CC-0337-4F23-9C88-8517370EC5D3}.Release|Any CPU.Build.0 = Release|Any CPU
	EndGlobalSection
EndGlobal
